
Microsoft Visual Studio Solution File, Format Version 12.00
# Visual Studio Version 17
VisualStudioVersion = 17.7.33927.210
MinimumVisualStudioVersion = 10.0.40219.1
Project("{2150E333-8FDC-42A3-9474-1A3956D46DE8}") = "SQS", "SQS", "{8FB4CDDB-D899-4107-AC11-EEB33CC11C15}"
EndProject
Project("{9A19103F-16F7-4668-BE54-9A1E7A4F7556}") = "Sqs.Api.Consumer", "Sqs\Sqs.Api.Consumer\Sqs.Api.Consumer.csproj", "{F487C47C-6FAB-41D1-A24D-B74F1F326761}"
EndProject
Project("{9A19103F-16F7-4668-BE54-9A1E7A4F7556}") = "SNS.Publisher", "SNS\SNS.Publisher\SNS.Publisher.csproj", "{5F922297-DF04-4A71-9213-26DC8B3F8F85}"
EndProject
Project("{2150E333-8FDC-42A3-9474-1A3956D46DE8}") = "SNS", "SNS", "{EA1E9D8F-3DD7-43D5-8AB9-6A3D46AE261E}"
EndProject
Project("{9A19103F-16F7-4668-BE54-9A1E7A4F7556}") = "SNS.Common", "SNS\SNS.Common\SNS.Common.csproj", "{EE98529A-9208-48AF-99DA-7E9B30651139}"
EndProject
Project("{2150E333-8FDC-42A3-9474-1A3956D46DE8}") = "DynamoDb", "DynamoDb", "{952C7045-F175-4C70-BA8A-8321D0AC7CB8}"
EndProject
Project("{9A19103F-16F7-4668-BE54-9A1E7A4F7556}") = "LearnAws.DynamoDb.Core", "DynamoDb\LearnAws.DynamoDb.Core\LearnAws.DynamoDb.Core.csproj", "{8A3BE8F8-6E42-4E88-92A3-7C0545F284A2}"
EndProject
Project("{9A19103F-16F7-4668-BE54-9A1E7A4F7556}") = "LearnAws.DynamoDb.Infra", "DynamoDb\LearnAws.DynamoDb.Infra\LearnAws.DynamoDb.Infra.csproj", "{4C7839CF-2984-4114-89C6-3D92E1DE4F48}"
EndProject
Project("{9A19103F-16F7-4668-BE54-9A1E7A4F7556}") = "LearnAws.DynamoDb.Modules", "DynamoDb\LearnAws.DynamoDb.Modules\LearnAws.DynamoDb.Modules.csproj", "{863EF959-81E6-45AB-AA60-4F3E7FCFB798}"
EndProject
Project("{9A19103F-16F7-4668-BE54-9A1E7A4F7556}") = "LearnAws.DynamoDb.Web", "DynamoDb\LearnAws.DynamoDb.Web\LearnAws.DynamoDb.Web.csproj", "{8BC754B3-14C9-4311-80D0-E89F00ED0904}"
EndProject
Project("{9A19103F-16F7-4668-BE54-9A1E7A4F7556}") = "Sqs.Common", "Sqs\Sqs.Common\Sqs.Common.csproj", "{7C06D557-A225-468B-AA7F-C4328E51967D}"
EndProject
Project("{9A19103F-16F7-4668-BE54-9A1E7A4F7556}") = "SQS.ConsoleApp.Consumer", "Sqs\SQS.ConsoleApp.Consumer\SQS.ConsoleApp.Consumer.csproj", "{0E0F67C9-7F0F-4030-A7FE-7802EBEF6273}"
EndProject
Project("{9A19103F-16F7-4668-BE54-9A1E7A4F7556}") = "SQS.ConsoleApp.Publisher", "Sqs\SQS.ConsoleApp.Publisher\SQS.ConsoleApp.Publisher.csproj", "{D46D5FB8-1E8C-4CF6-9187-F7C6C72BC371}"
EndProject
Project("{9A19103F-16F7-4668-BE54-9A1E7A4F7556}") = "SqsOperations.Api", "Sqs\SqsOperations.Api\SqsOperations.Api.csproj", "{64524EB8-93D2-4FB0-B337-99781AEB888A}"
EndProject
Global
	GlobalSection(SolutionConfigurationPlatforms) = preSolution
		Debug|Any CPU = Debug|Any CPU
		Release|Any CPU = Release|Any CPU
	EndGlobalSection
	GlobalSection(ProjectConfigurationPlatforms) = postSolution
		{F487C47C-6FAB-41D1-A24D-B74F1F326761}.Debug|Any CPU.ActiveCfg = Debug|Any CPU
		{F487C47C-6FAB-41D1-A24D-B74F1F326761}.Debug|Any CPU.Build.0 = Debug|Any CPU
		{F487C47C-6FAB-41D1-A24D-B74F1F326761}.Release|Any CPU.ActiveCfg = Release|Any CPU
		{F487C47C-6FAB-41D1-A24D-B74F1F326761}.Release|Any CPU.Build.0 = Release|Any CPU
		{5F922297-DF04-4A71-9213-26DC8B3F8F85}.Debug|Any CPU.ActiveCfg = Debug|Any CPU
		{5F922297-DF04-4A71-9213-26DC8B3F8F85}.Debug|Any CPU.Build.0 = Debug|Any CPU
		{5F922297-DF04-4A71-9213-26DC8B3F8F85}.Release|Any CPU.ActiveCfg = Release|Any CPU
		{5F922297-DF04-4A71-9213-26DC8B3F8F85}.Release|Any CPU.Build.0 = Release|Any CPU
		{EE98529A-9208-48AF-99DA-7E9B30651139}.Debug|Any CPU.ActiveCfg = Debug|Any CPU
		{EE98529A-9208-48AF-99DA-7E9B30651139}.Debug|Any CPU.Build.0 = Debug|Any CPU
		{EE98529A-9208-48AF-99DA-7E9B30651139}.Release|Any CPU.ActiveCfg = Release|Any CPU
		{EE98529A-9208-48AF-99DA-7E9B30651139}.Release|Any CPU.Build.0 = Release|Any CPU
		{8A3BE8F8-6E42-4E88-92A3-7C0545F284A2}.Debug|Any CPU.ActiveCfg = Debug|Any CPU
		{8A3BE8F8-6E42-4E88-92A3-7C0545F284A2}.Debug|Any CPU.Build.0 = Debug|Any CPU
		{8A3BE8F8-6E42-4E88-92A3-7C0545F284A2}.Release|Any CPU.ActiveCfg = Release|Any CPU
		{8A3BE8F8-6E42-4E88-92A3-7C0545F284A2}.Release|Any CPU.Build.0 = Release|Any CPU
		{4C7839CF-2984-4114-89C6-3D92E1DE4F48}.Debug|Any CPU.ActiveCfg = Debug|Any CPU
		{4C7839CF-2984-4114-89C6-3D92E1DE4F48}.Debug|Any CPU.Build.0 = Debug|Any CPU
		{4C7839CF-2984-4114-89C6-3D92E1DE4F48}.Release|Any CPU.ActiveCfg = Release|Any CPU
		{4C7839CF-2984-4114-89C6-3D92E1DE4F48}.Release|Any CPU.Build.0 = Release|Any CPU
		{863EF959-81E6-45AB-AA60-4F3E7FCFB798}.Debug|Any CPU.ActiveCfg = Debug|Any CPU
		{863EF959-81E6-45AB-AA60-4F3E7FCFB798}.Debug|Any CPU.Build.0 = Debug|Any CPU
		{863EF959-81E6-45AB-AA60-4F3E7FCFB798}.Release|Any CPU.ActiveCfg = Release|Any CPU
		{863EF959-81E6-45AB-AA60-4F3E7FCFB798}.Release|Any CPU.Build.0 = Release|Any CPU
		{8BC754B3-14C9-4311-80D0-E89F00ED0904}.Debug|Any CPU.ActiveCfg = Debug|Any CPU
		{8BC754B3-14C9-4311-80D0-E89F00ED0904}.Debug|Any CPU.Build.0 = Debug|Any CPU
		{8BC754B3-14C9-4311-80D0-E89F00ED0904}.Release|Any CPU.ActiveCfg = Release|Any CPU
		{8BC754B3-14C9-4311-80D0-E89F00ED0904}.Release|Any CPU.Build.0 = Release|Any CPU
		{7C06D557-A225-468B-AA7F-C4328E51967D}.Debug|Any CPU.ActiveCfg = Debug|Any CPU
		{7C06D557-A225-468B-AA7F-C4328E51967D}.Debug|Any CPU.Build.0 = Debug|Any CPU
		{7C06D557-A225-468B-AA7F-C4328E51967D}.Release|Any CPU.ActiveCfg = Release|Any CPU
		{7C06D557-A225-468B-AA7F-C4328E51967D}.Release|Any CPU.Build.0 = Release|Any CPU
		{0E0F67C9-7F0F-4030-A7FE-7802EBEF6273}.Debug|Any CPU.ActiveCfg = Debug|Any CPU
		{0E0F67C9-7F0F-4030-A7FE-7802EBEF6273}.Debug|Any CPU.Build.0 = Debug|Any CPU
		{0E0F67C9-7F0F-4030-A7FE-7802EBEF6273}.Release|Any CPU.ActiveCfg = Release|Any CPU
		{0E0F67C9-7F0F-4030-A7FE-7802EBEF6273}.Release|Any CPU.Build.0 = Release|Any CPU
		{D46D5FB8-1E8C-4CF6-9187-F7C6C72BC371}.Debug|Any CPU.ActiveCfg = Debug|Any CPU
		{D46D5FB8-1E8C-4CF6-9187-F7C6C72BC371}.Debug|Any CPU.Build.0 = Debug|Any CPU
		{D46D5FB8-1E8C-4CF6-9187-F7C6C72BC371}.Release|Any CPU.ActiveCfg = Release|Any CPU
		{D46D5FB8-1E8C-4CF6-9187-F7C6C72BC371}.Release|Any CPU.Build.0 = Release|Any CPU
		{64524EB8-93D2-4FB0-B337-99781AEB888A}.Debug|Any CPU.ActiveCfg = Debug|Any CPU
		{64524EB8-93D2-4FB0-B337-99781AEB888A}.Debug|Any CPU.Build.0 = Debug|Any CPU
		{64524EB8-93D2-4FB0-B337-99781AEB888A}.Release|Any CPU.ActiveCfg = Release|Any CPU
		{64524EB8-93D2-4FB0-B337-99781AEB888A}.Release|Any CPU.Build.0 = Release|Any CPU
	EndGlobalSection
	GlobalSection(SolutionProperties) = preSolution
		HideSolutionNode = FALSE
	EndGlobalSection
	GlobalSection(NestedProjects) = preSolution
		{F487C47C-6FAB-41D1-A24D-B74F1F326761} = {8FB4CDDB-D899-4107-AC11-EEB33CC11C15}
		{5F922297-DF04-4A71-9213-26DC8B3F8F85} = {EA1E9D8F-3DD7-43D5-8AB9-6A3D46AE261E}
		{EE98529A-9208-48AF-99DA-7E9B30651139} = {EA1E9D8F-3DD7-43D5-8AB9-6A3D46AE261E}
		{8A3BE8F8-6E42-4E88-92A3-7C0545F284A2} = {952C7045-F175-4C70-BA8A-8321D0AC7CB8}
		{4C7839CF-2984-4114-89C6-3D92E1DE4F48} = {952C7045-F175-4C70-BA8A-8321D0AC7CB8}
		{863EF959-81E6-45AB-AA60-4F3E7FCFB798} = {952C7045-F175-4C70-BA8A-8321D0AC7CB8}
		{8BC754B3-14C9-4311-80D0-E89F00ED0904} = {952C7045-F175-4C70-BA8A-8321D0AC7CB8}
		{7C06D557-A225-468B-AA7F-C4328E51967D} = {8FB4CDDB-D899-4107-AC11-EEB33CC11C15}
		{0E0F67C9-7F0F-4030-A7FE-7802EBEF6273} = {8FB4CDDB-D899-4107-AC11-EEB33CC11C15}
		{D46D5FB8-1E8C-4CF6-9187-F7C6C72BC371} = {8FB4CDDB-D899-4107-AC11-EEB33CC11C15}
		{64524EB8-93D2-4FB0-B337-99781AEB888A} = {8FB4CDDB-D899-4107-AC11-EEB33CC11C15}
	EndGlobalSection
EndGlobal
