
Microsoft Visual Studio Solution File, Format Version 12.00
Project("{2150E333-8FDC-42A3-9474-1A3956D46DE8}") = "SQS", "SQS", "{8FB4CDDB-D899-4107-AC11-EEB33CC11C15}"
EndProject
Project("{FAE04EC0-301F-11D3-BF4B-00C04F79EFBC}") = "SQS.ConsoleApp.Publisher", "SQS.ConsoleApp.Publisher\SQS.ConsoleApp.Publisher.csproj", "{BC5AEF71-1987-4DD2-AA75-D9B6EF00D447}"
EndProject
Project("{FAE04EC0-301F-11D3-BF4B-00C04F79EFBC}") = "SQS.ConsoleApp.Consumer", "SQS.ConsoleApp.Consumer\SQS.ConsoleApp.Consumer.csproj", "{A511EFCB-945F-4F95-9FF2-20213C2AA1BD}"
EndProject
Project("{FAE04EC0-301F-11D3-BF4B-00C04F79EFBC}") = "Sqs.Common", "Sqs.Common\Sqs.Common.csproj", "{7D97CBF2-2F93-421B-BFF8-4EA09059E6D1}"
EndProject
Project("{FAE04EC0-301F-11D3-BF4B-00C04F79EFBC}") = "SqsOperations.Api", "SqsOperations.Api\SqsOperations.Api.csproj", "{5559A3EB-55D8-45BE-B281-F0D142C4018D}"
EndProject
Global
	GlobalSection(SolutionConfigurationPlatforms) = preSolution
		Debug|Any CPU = Debug|Any CPU
		Release|Any CPU = Release|Any CPU
	EndGlobalSection
	GlobalSection(NestedProjects) = preSolution
		{BC5AEF71-1987-4DD2-AA75-D9B6EF00D447} = {8FB4CDDB-D899-4107-AC11-EEB33CC11C15}
		{A511EFCB-945F-4F95-9FF2-20213C2AA1BD} = {8FB4CDDB-D899-4107-AC11-EEB33CC11C15}
		{7D97CBF2-2F93-421B-BFF8-4EA09059E6D1} = {8FB4CDDB-D899-4107-AC11-EEB33CC11C15}
		{5559A3EB-55D8-45BE-B281-F0D142C4018D} = {8FB4CDDB-D899-4107-AC11-EEB33CC11C15}
	EndGlobalSection
	GlobalSection(ProjectConfigurationPlatforms) = postSolution
		{BC5AEF71-1987-4DD2-AA75-D9B6EF00D447}.Debug|Any CPU.ActiveCfg = Debug|Any CPU
		{BC5AEF71-1987-4DD2-AA75-D9B6EF00D447}.Debug|Any CPU.Build.0 = Debug|Any CPU
		{BC5AEF71-1987-4DD2-AA75-D9B6EF00D447}.Release|Any CPU.ActiveCfg = Release|Any CPU
		{BC5AEF71-1987-4DD2-AA75-D9B6EF00D447}.Release|Any CPU.Build.0 = Release|Any CPU
		{A511EFCB-945F-4F95-9FF2-20213C2AA1BD}.Debug|Any CPU.ActiveCfg = Debug|Any CPU
		{A511EFCB-945F-4F95-9FF2-20213C2AA1BD}.Debug|Any CPU.Build.0 = Debug|Any CPU
		{A511EFCB-945F-4F95-9FF2-20213C2AA1BD}.Release|Any CPU.ActiveCfg = Release|Any CPU
		{A511EFCB-945F-4F95-9FF2-20213C2AA1BD}.Release|Any CPU.Build.0 = Release|Any CPU
		{7D97CBF2-2F93-421B-BFF8-4EA09059E6D1}.Debug|Any CPU.ActiveCfg = Debug|Any CPU
		{7D97CBF2-2F93-421B-BFF8-4EA09059E6D1}.Debug|Any CPU.Build.0 = Debug|Any CPU
		{7D97CBF2-2F93-421B-BFF8-4EA09059E6D1}.Release|Any CPU.ActiveCfg = Release|Any CPU
		{7D97CBF2-2F93-421B-BFF8-4EA09059E6D1}.Release|Any CPU.Build.0 = Release|Any CPU
		{5559A3EB-55D8-45BE-B281-F0D142C4018D}.Debug|Any CPU.ActiveCfg = Debug|Any CPU
		{5559A3EB-55D8-45BE-B281-F0D142C4018D}.Debug|Any CPU.Build.0 = Debug|Any CPU
		{5559A3EB-55D8-45BE-B281-F0D142C4018D}.Release|Any CPU.ActiveCfg = Release|Any CPU
		{5559A3EB-55D8-45BE-B281-F0D142C4018D}.Release|Any CPU.Build.0 = Release|Any CPU
	EndGlobalSection
EndGlobal
