
Microsoft Visual Studio Solution File, Format Version 12.00
Project("{2150E333-8FDC-42A3-9474-1A3956D46DE8}") = "SQS", "SQS", "{8FB4CDDB-D899-4107-AC11-EEB33CC11C15}"
EndProject
Project("{FAE04EC0-301F-11D3-BF4B-00C04F79EFBC}") = "Sqs\SQS.ConsoleApp.Publisher", "Sqs\SQS.ConsoleApp.Publisher\SQS.ConsoleApp.Publisher.csproj", "{BC5AEF71-1987-4DD2-AA75-D9B6EF00D447}"
EndProject
Project("{FAE04EC0-301F-11D3-BF4B-00C04F79EFBC}") = "Sqs\SQS.ConsoleApp.Consumer", "Sqs\SQS.ConsoleApp.Consumer\SQS.ConsoleApp.Consumer.csproj", "{A511EFCB-945F-4F95-9FF2-20213C2AA1BD}"
EndProject
Project("{FAE04EC0-301F-11D3-BF4B-00C04F79EFBC}") = "Sqs\Sqs.Common", "Sqs\Sqs.Common\Sqs.Common.csproj", "{7D97CBF2-2F93-421B-BFF8-4EA09059E6D1}"
EndProject
Project("{FAE04EC0-301F-11D3-BF4B-00C04F79EFBC}") = "Sqs\SqsOperations.Api", "Sqs\SqsOperations.Api\SqsOperations.Api.csproj", "{5559A3EB-55D8-45BE-B281-F0D142C4018D}"
EndProject
Project("{FAE04EC0-301F-11D3-BF4B-00C04F79EFBC}") = "Sqs.Api.Consumer", "Sqs\Sqs.Api.Consumer\Sqs.Api.Consumer.csproj", "{F487C47C-6FAB-41D1-A24D-B74F1F326761}"
EndProject
Project("{FAE04EC0-301F-11D3-BF4B-00C04F79EFBC}") = "SNS.Publisher", "SNS.Publisher\SNS.Publisher.csproj", "{5F922297-DF04-4A71-9213-26DC8B3F8F85}"
EndProject
Project("{2150E333-8FDC-42A3-9474-1A3956D46DE8}") = "SNS", "SNS", "{EA1E9D8F-3DD7-43D5-8AB9-6A3D46AE261E}"
EndProject
Project("{FAE04EC0-301F-11D3-BF4B-00C04F79EFBC}") = "SNS.Common", "SNS.Common\SNS.Common.csproj", "{EE98529A-9208-48AF-99DA-7E9B30651139}"
EndProject
Project("{FAE04EC0-301F-11D3-BF4B-00C04F79EFBC}") = "SnsPublisher.Api", "SnsPublisher.Api\SnsPublisher.Api.csproj", "{FD85B196-CD49-448A-B7C6-F014D40DE7EB}"
EndProject
Project("{2150E333-8FDC-42A3-9474-1A3956D46DE8}") = "DynamoDb", "DynamoDb", "{952C7045-F175-4C70-BA8A-8321D0AC7CB8}"
EndProject
Project("{FAE04EC0-301F-11D3-BF4B-00C04F79EFBC}") = "LearnAws.DynamoDb.Web", "LearnAws.DynamoDb.Web\LearnAws.DynamoDb.Web.csproj", "{92298D6C-7EF8-4FFF-A940-7321625F636F}"
EndProject
Project("{FAE04EC0-301F-11D3-BF4B-00C04F79EFBC}") = "LearnAws.DynamoDb.Modules", "LearnAws.DynamoDb.Modules\LearnAws.DynamoDb.Modules.csproj", "{33C84711-95D0-4D2D-B1ED-78DA96D9586F}"
EndProject
Project("{FAE04EC0-301F-11D3-BF4B-00C04F79EFBC}") = "LearnAws.DynamoDb.Core", "LearnAws.DynamoDb.Core\LearnAws.DynamoDb.Core.csproj", "{DE12EB05-BA6A-4D86-92EA-A6C6AAD66D55}"
EndProject
Project("{FAE04EC0-301F-11D3-BF4B-00C04F79EFBC}") = "LearnAws.DynamoDb.Infra", "LearnAws.DynamoDb.Infra\LearnAws.DynamoDb.Infra.csproj", "{128CC40C-FB9F-4130-8BFE-082D7A7573B7}"
EndProject
Global
	GlobalSection(SolutionConfigurationPlatforms) = preSolution
		Debug|Any CPU = Debug|Any CPU
		Release|Any CPU = Release|Any CPU
	EndGlobalSection
	GlobalSection(NestedProjects) = preSolution
		{BC5AEF71-1987-4DD2-AA75-D9B6EF00D447} = {8FB4CDDB-D899-4107-AC11-EEB33CC11C15}
		{A511EFCB-945F-4F95-9FF2-20213C2AA1BD} = {8FB4CDDB-D899-4107-AC11-EEB33CC11C15}
		{7D97CBF2-2F93-421B-BFF8-4EA09059E6D1} = {8FB4CDDB-D899-4107-AC11-EEB33CC11C15}
		{5559A3EB-55D8-45BE-B281-F0D142C4018D} = {8FB4CDDB-D899-4107-AC11-EEB33CC11C15}
		{F487C47C-6FAB-41D1-A24D-B74F1F326761} = {8FB4CDDB-D899-4107-AC11-EEB33CC11C15}
		{5F922297-DF04-4A71-9213-26DC8B3F8F85} = {EA1E9D8F-3DD7-43D5-8AB9-6A3D46AE261E}
		{EE98529A-9208-48AF-99DA-7E9B30651139} = {EA1E9D8F-3DD7-43D5-8AB9-6A3D46AE261E}
		{FD85B196-CD49-448A-B7C6-F014D40DE7EB} = {EA1E9D8F-3DD7-43D5-8AB9-6A3D46AE261E}
		{92298D6C-7EF8-4FFF-A940-7321625F636F} = {952C7045-F175-4C70-BA8A-8321D0AC7CB8}
		{33C84711-95D0-4D2D-B1ED-78DA96D9586F} = {952C7045-F175-4C70-BA8A-8321D0AC7CB8}
		{DE12EB05-BA6A-4D86-92EA-A6C6AAD66D55} = {952C7045-F175-4C70-BA8A-8321D0AC7CB8}
		{128CC40C-FB9F-4130-8BFE-082D7A7573B7} = {952C7045-F175-4C70-BA8A-8321D0AC7CB8}
	EndGlobalSection
	GlobalSection(ProjectConfigurationPlatforms) = postSolution
		{BC5AEF71-1987-4DD2-AA75-D9B6EF00D447}.Debug|Any CPU.ActiveCfg = Debug|Any CPU
		{BC5AEF71-1987-4DD2-AA75-D9B6EF00D447}.Debug|Any CPU.Build.0 = Debug|Any CPU
		{BC5AEF71-1987-4DD2-AA75-D9B6EF00D447}.Release|Any CPU.ActiveCfg = Release|Any CPU
		{BC5AEF71-1987-4DD2-AA75-D9B6EF00D447}.Release|Any CPU.Build.0 = Release|Any CPU
		{A511EFCB-945F-4F95-9FF2-20213C2AA1BD}.Debug|Any CPU.ActiveCfg = Debug|Any CPU
		{A511EFCB-945F-4F95-9FF2-20213C2AA1BD}.Debug|Any CPU.Build.0 = Debug|Any CPU
		{A511EFCB-945F-4F95-9FF2-20213C2AA1BD}.Release|Any CPU.ActiveCfg = Release|Any CPU
		{A511EFCB-945F-4F95-9FF2-20213C2AA1BD}.Release|Any CPU.Build.0 = Release|Any CPU
		{7D97CBF2-2F93-421B-BFF8-4EA09059E6D1}.Debug|Any CPU.ActiveCfg = Debug|Any CPU
		{7D97CBF2-2F93-421B-BFF8-4EA09059E6D1}.Debug|Any CPU.Build.0 = Debug|Any CPU
		{7D97CBF2-2F93-421B-BFF8-4EA09059E6D1}.Release|Any CPU.ActiveCfg = Release|Any CPU
		{7D97CBF2-2F93-421B-BFF8-4EA09059E6D1}.Release|Any CPU.Build.0 = Release|Any CPU
		{5559A3EB-55D8-45BE-B281-F0D142C4018D}.Debug|Any CPU.ActiveCfg = Debug|Any CPU
		{5559A3EB-55D8-45BE-B281-F0D142C4018D}.Debug|Any CPU.Build.0 = Debug|Any CPU
		{5559A3EB-55D8-45BE-B281-F0D142C4018D}.Release|Any CPU.ActiveCfg = Release|Any CPU
		{5559A3EB-55D8-45BE-B281-F0D142C4018D}.Release|Any CPU.Build.0 = Release|Any CPU
		{F487C47C-6FAB-41D1-A24D-B74F1F326761}.Debug|Any CPU.ActiveCfg = Debug|Any CPU
		{F487C47C-6FAB-41D1-A24D-B74F1F326761}.Debug|Any CPU.Build.0 = Debug|Any CPU
		{F487C47C-6FAB-41D1-A24D-B74F1F326761}.Release|Any CPU.ActiveCfg = Release|Any CPU
		{F487C47C-6FAB-41D1-A24D-B74F1F326761}.Release|Any CPU.Build.0 = Release|Any CPU
		{5F922297-DF04-4A71-9213-26DC8B3F8F85}.Debug|Any CPU.ActiveCfg = Debug|Any CPU
		{5F922297-DF04-4A71-9213-26DC8B3F8F85}.Debug|Any CPU.Build.0 = Debug|Any CPU
		{5F922297-DF04-4A71-9213-26DC8B3F8F85}.Release|Any CPU.ActiveCfg = Release|Any CPU
		{5F922297-DF04-4A71-9213-26DC8B3F8F85}.Release|Any CPU.Build.0 = Release|Any CPU
		{EE98529A-9208-48AF-99DA-7E9B30651139}.Debug|Any CPU.ActiveCfg = Debug|Any CPU
		{EE98529A-9208-48AF-99DA-7E9B30651139}.Debug|Any CPU.Build.0 = Debug|Any CPU
		{EE98529A-9208-48AF-99DA-7E9B30651139}.Release|Any CPU.ActiveCfg = Release|Any CPU
		{EE98529A-9208-48AF-99DA-7E9B30651139}.Release|Any CPU.Build.0 = Release|Any CPU
		{FD85B196-CD49-448A-B7C6-F014D40DE7EB}.Debug|Any CPU.ActiveCfg = Debug|Any CPU
		{FD85B196-CD49-448A-B7C6-F014D40DE7EB}.Debug|Any CPU.Build.0 = Debug|Any CPU
		{FD85B196-CD49-448A-B7C6-F014D40DE7EB}.Release|Any CPU.ActiveCfg = Release|Any CPU
		{FD85B196-CD49-448A-B7C6-F014D40DE7EB}.Release|Any CPU.Build.0 = Release|Any CPU
		{92298D6C-7EF8-4FFF-A940-7321625F636F}.Debug|Any CPU.ActiveCfg = Debug|Any CPU
		{92298D6C-7EF8-4FFF-A940-7321625F636F}.Debug|Any CPU.Build.0 = Debug|Any CPU
		{92298D6C-7EF8-4FFF-A940-7321625F636F}.Release|Any CPU.ActiveCfg = Release|Any CPU
		{92298D6C-7EF8-4FFF-A940-7321625F636F}.Release|Any CPU.Build.0 = Release|Any CPU
		{33C84711-95D0-4D2D-B1ED-78DA96D9586F}.Debug|Any CPU.ActiveCfg = Debug|Any CPU
		{33C84711-95D0-4D2D-B1ED-78DA96D9586F}.Debug|Any CPU.Build.0 = Debug|Any CPU
		{33C84711-95D0-4D2D-B1ED-78DA96D9586F}.Release|Any CPU.ActiveCfg = Release|Any CPU
		{33C84711-95D0-4D2D-B1ED-78DA96D9586F}.Release|Any CPU.Build.0 = Release|Any CPU
		{DE12EB05-BA6A-4D86-92EA-A6C6AAD66D55}.Debug|Any CPU.ActiveCfg = Debug|Any CPU
		{DE12EB05-BA6A-4D86-92EA-A6C6AAD66D55}.Debug|Any CPU.Build.0 = Debug|Any CPU
		{DE12EB05-BA6A-4D86-92EA-A6C6AAD66D55}.Release|Any CPU.ActiveCfg = Release|Any CPU
		{DE12EB05-BA6A-4D86-92EA-A6C6AAD66D55}.Release|Any CPU.Build.0 = Release|Any CPU
		{128CC40C-FB9F-4130-8BFE-082D7A7573B7}.Debug|Any CPU.ActiveCfg = Debug|Any CPU
		{128CC40C-FB9F-4130-8BFE-082D7A7573B7}.Debug|Any CPU.Build.0 = Debug|Any CPU
		{128CC40C-FB9F-4130-8BFE-082D7A7573B7}.Release|Any CPU.ActiveCfg = Release|Any CPU
		{128CC40C-FB9F-4130-8BFE-082D7A7573B7}.Release|Any CPU.Build.0 = Release|Any CPU
	EndGlobalSection
EndGlobal
